<?xml version="1.0" encoding="utf-8"?>
<Project ToolsVersion="4.0" xmlns="http://schemas.microsoft.com/developer/msbuild/2003">
  <ItemGroup>
    <Filter Include="Source Files">
      <UniqueIdentifier>{4FC737F1-C7A5-4376-A066-2A32D752A2FF}</UniqueIdentifier>
      <Extensions>cpp;c;cc;cxx;def;odl;idl;hpj;bat;asm;asmx</Extensions>
    </Filter>
    <Filter Include="Header Files">
      <UniqueIdentifier>{93995380-89BD-4b04-88EB-625FBE52EBFB}</UniqueIdentifier>
      <Extensions>h;hpp;hxx;hm;inl;inc;xsd</Extensions>
    </Filter>
    <Filter Include="Resource Files">
      <UniqueIdentifier>{67DA6AB6-F800-4c08-8B7A-83BB121AAD01}</UniqueIdentifier>
      <Extensions>rc;ico;cur;bmp;dlg;rc2;rct;bin;rgs;gif;jpg;jpeg;jpe;resx;tiff;tif;png;wav;mfcribbon-ms</Extensions>
    </Filter>
    <Filter Include="Header Files\fov">
      <UniqueIdentifier>{50208c3f-6f0f-4e6f-a623-cf79a1def096}</UniqueIdentifier>
    </Filter>
    <Filter Include="Header Files\jsoncpp">
      <UniqueIdentifier>{1bbb89fd-0bfb-4894-9f4c-8b6d9de976d5}</UniqueIdentifier>
    </Filter>
    <Filter Include="Source Files\fov">
      <UniqueIdentifier>{d0884e1d-4c12-44e2-bde0-659fa86e7a44}</UniqueIdentifier>
    </Filter>
    <Filter Include="Source Files\jsoncpp">
      <UniqueIdentifier>{cf13c3ac-5366-4f0e-a785-eb8205e735ba}</UniqueIdentifier>
    </Filter>
    <Filter Include="Header Files\sys">
      <UniqueIdentifier>{51a69e6a-1f82-41eb-8b2b-e7ef1737e85d}</UniqueIdentifier>
    </Filter>
    <Filter Include="Source Files\sys">
      <UniqueIdentifier>{ba0aa226-fb2c-4cc2-af97-e822c854c312}</UniqueIdentifier>
    </Filter>
    <Filter Include="Source Files\ui">
      <UniqueIdentifier>{4efbdabe-b763-4b72-a922-31d0f10e6274}</UniqueIdentifier>
    </Filter>
    <Filter Include="Header Files\ui">
      <UniqueIdentifier>{2bf2c8fd-676b-40ad-ae2e-b5450bc201e1}</UniqueIdentifier>
    </Filter>
  </ItemGroup>
  <ItemGroup>
    <ClCompile Include="main.cpp">
      <Filter>Source Files</Filter>
    </ClCompile>
    <ClCompile Include="engine.cpp">
      <Filter>Source Files</Filter>
    </ClCompile>
    <ClCompile Include="map.cpp">
      <Filter>Source Files</Filter>
    </ClCompile>
    <ClCompile Include="geometry.cpp">
      <Filter>Source Files</Filter>
    </ClCompile>
    <ClCompile Include="player.cpp">
      <Filter>Source Files</Filter>
    </ClCompile>
    <ClCompile Include="lighting.cpp">
      <Filter>Source Files</Filter>
    </ClCompile>
    <ClCompile Include="object.cpp">
      <Filter>Source Files</Filter>
    </ClCompile>
    <ClCompile Include="fov\fov.c">
      <Filter>Source Files\fov</Filter>
    </ClCompile>
    <ClCompile Include="jsoncpp\json_reader.cpp">
      <Filter>Source Files\jsoncpp</Filter>
    </ClCompile>
    <ClCompile Include="jsoncpp\json_value.cpp">
      <Filter>Source Files\jsoncpp</Filter>
    </ClCompile>
    <ClCompile Include="jsoncpp\json_writer.cpp">
      <Filter>Source Files\jsoncpp</Filter>
    </ClCompile>
    <ClCompile Include="sys\hash.c">
      <Filter>Source Files\sys</Filter>
    </ClCompile>
    <ClCompile Include="sys\enumstr.cpp">
      <Filter>Source Files\sys</Filter>
    </ClCompile>
    <ClCompile Include="sys\event.cpp">
      <Filter>Source Files\sys</Filter>
    </ClCompile>
    <ClCompile Include="sys\eventqueue.cpp">
      <Filter>Source Files\sys</Filter>
    </ClCompile>
    <ClCompile Include="sys\gamedata.cpp">
      <Filter>Source Files\sys</Filter>
    </ClCompile>
    <ClCompile Include="sys\listener.cpp">
      <Filter>Source Files\sys</Filter>
    </ClCompile>
    <ClCompile Include="sys\logger.cpp">
      <Filter>Source Files\sys</Filter>
    </ClCompile>
    <ClCompile Include="sys\thread.cpp">
      <Filter>Source Files\sys</Filter>
    </ClCompile>
    <ClCompile Include="sys\token.cpp">
      <Filter>Source Files\sys</Filter>
    </ClCompile>
    <ClCompile Include="viewport.cpp">
      <Filter>Source Files</Filter>
    </ClCompile>
    <ClCompile Include="animation.cpp">
      <Filter>Source Files</Filter>
    </ClCompile>
    <ClCompile Include="effects.cpp">
      <Filter>Source Files</Filter>
    </ClCompile>
    <ClCompile Include="delay.cpp">
      <Filter>Source Files</Filter>
    </ClCompile>
    <ClCompile Include="context.cpp">
      <Filter>Source Files</Filter>
    </ClCompile>
    <ClCompile Include="pathfinding.cpp">
      <Filter>Source Files</Filter>
    </ClCompile>
    <ClCompile Include="ui\uiframe.cpp">
      <Filter>Source Files\ui</Filter>
    </ClCompile>
    <ClCompile Include="ui\uilayout.cpp">
      <Filter>Source Files\ui</Filter>
    </ClCompile>
    <ClCompile Include="ui\uimenu.cpp">
      <Filter>Source Files\ui</Filter>
    </ClCompile>
    <ClCompile Include="ui\uimenuitem.cpp">
      <Filter>Source Files\ui</Filter>
    </ClCompile>
    <ClCompile Include="ui\uipanel.cpp">
      <Filter>Source Files\ui</Filter>
    </ClCompile>
    <ClCompile Include="ui\uiwidget.cpp">
      <Filter>Source Files\ui</Filter>
    </ClCompile>
    <ClCompile Include="ui\uithread.cpp">
      <Filter>Source Files\ui</Filter>
    </ClCompile>
    <ClCompile Include="sys\worker.cpp">
      <Filter>Source Files\sys</Filter>
    </ClCompile>
    <ClCompile Include="sys\eof_parser.cpp">
      <Filter>Source Files\sys</Filter>
    </ClCompile>
    <ClCompile Include="ui\uilabel.cpp">
      <Filter>Source Files\ui</Filter>
    </ClCompile>
    <ClCompile Include="render.cpp">
      <Filter>Source Files</Filter>
    </ClCompile>
  </ItemGroup>
  <ItemGroup>
    <ClInclude Include="engine.h">
      <Filter>Header Files</Filter>
    </ClInclude>
    <ClInclude Include="map.h">
      <Filter>Header Files</Filter>
    </ClInclude>
    <ClInclude Include="player.h">
      <Filter>Header Files</Filter>
    </ClInclude>
    <ClInclude Include="geometry.h">
      <Filter>Header Files</Filter>
    </ClInclude>
    <ClInclude Include="rnd.h">
      <Filter>Header Files</Filter>
    </ClInclude>
    <ClInclude Include="key.h">
      <Filter>Header Files</Filter>
    </ClInclude>
    <ClInclude Include="util.h">
      <Filter>Header Files</Filter>
    </ClInclude>
    <ClInclude Include="common.h">
      <Filter>Header Files</Filter>
    </ClInclude>
    <ClInclude Include="lighting.h">
      <Filter>Header Files</Filter>
    </ClInclude>
    <ClInclude Include="object.h">
      <Filter>Header Files</Filter>
    </ClInclude>
    <ClInclude Include="fov\fov.h">
      <Filter>Header Files\fov</Filter>
    </ClInclude>
    <ClInclude Include="jsoncpp\json_batchallocator.h">
      <Filter>Header Files\jsoncpp</Filter>
    </ClInclude>
    <ClInclude Include="jsoncpp\reader.h">
      <Filter>Header Files\jsoncpp</Filter>
    </ClInclude>
    <ClInclude Include="jsoncpp\value.h">
      <Filter>Header Files\jsoncpp</Filter>
    </ClInclude>
    <ClInclude Include="jsoncpp\writer.h">
      <Filter>Header Files\jsoncpp</Filter>
    </ClInclude>
    <ClInclude Include="jsoncpp\autolink.h">
      <Filter>Header Files\jsoncpp</Filter>
    </ClInclude>
    <ClInclude Include="jsoncpp\config.h">
      <Filter>Header Files\jsoncpp</Filter>
    </ClInclude>
    <ClInclude Include="jsoncpp\features.h">
      <Filter>Header Files\jsoncpp</Filter>
    </ClInclude>
    <ClInclude Include="jsoncpp\forwards.h">
      <Filter>Header Files\jsoncpp</Filter>
    </ClInclude>
    <ClInclude Include="jsoncpp\json.h">
      <Filter>Header Files\jsoncpp</Filter>
    </ClInclude>
    <ClInclude Include="context.h">
      <Filter>Header Files</Filter>
    </ClInclude>
    <ClInclude Include="sys\enumstr.h">
      <Filter>Header Files\sys</Filter>
    </ClInclude>
    <ClInclude Include="sys\hash.h">
      <Filter>Header Files\sys</Filter>
    </ClInclude>
    <ClInclude Include="sys\event.h">
      <Filter>Header Files\sys</Filter>
    </ClInclude>
    <ClInclude Include="sys\data_engine.h">
      <Filter>Header Files\sys</Filter>
    </ClInclude>
    <ClInclude Include="sys\eventqueue.h">
      <Filter>Header Files\sys</Filter>
    </ClInclude>
    <ClInclude Include="sys\gamedata.h">
      <Filter>Header Files\sys</Filter>
    </ClInclude>
    <ClInclude Include="sys\listener.h">
      <Filter>Header Files\sys</Filter>
    </ClInclude>
    <ClInclude Include="sys\logger.h">
      <Filter>Header Files\sys</Filter>
    </ClInclude>
    <ClInclude Include="sys\thread.h">
      <Filter>Header Files\sys</Filter>
    </ClInclude>
    <ClInclude Include="sys\thread_os.h">
      <Filter>Header Files\sys</Filter>
    </ClInclude>
    <ClInclude Include="sys\token.h">
      <Filter>Header Files\sys</Filter>
    </ClInclude>
    <ClInclude Include="viewport.h">
      <Filter>Header Files</Filter>
    </ClInclude>
    <ClInclude Include="effects.h">
      <Filter>Header Files</Filter>
    </ClInclude>
    <ClInclude Include="delay.h">
      <Filter>Header Files</Filter>
    </ClInclude>
    <ClInclude Include="pathfinding.h">
      <Filter>Header Files</Filter>
    </ClInclude>
    <ClInclude Include="mouse.h">
      <Filter>Header Files</Filter>
    </ClInclude>
    <ClInclude Include="ui\uiframe.h">
      <Filter>Header Files\ui</Filter>
    </ClInclude>
    <ClInclude Include="ui\uilayout.h">
      <Filter>Header Files\ui</Filter>
    </ClInclude>
    <ClInclude Include="ui\uimenu.h">
      <Filter>Header Files\ui</Filter>
    </ClInclude>
    <ClInclude Include="ui\uimenuitem.h">
      <Filter>Header Files\ui</Filter>
    </ClInclude>
    <ClInclude Include="ui\uipanel.h">
      <Filter>Header Files\ui</Filter>
    </ClInclude>
    <ClInclude Include="ui\uiwidget.h">
      <Filter>Header Files\ui</Filter>
    </ClInclude>
    <ClInclude Include="ui\uithread.h">
      <Filter>Header Files\ui</Filter>
    </ClInclude>
    <ClInclude Include="animation.h">
      <Filter>Header Files</Filter>
    </ClInclude>
    <ClInclude Include="sys\worker.h">
      <Filter>Header Files\sys</Filter>
    </ClInclude>
    <ClInclude Include="sys\eof_parser.h">
      <Filter>Header Files\sys</Filter>
    </ClInclude>
    <ClInclude Include="ui\uilabel.h">
      <Filter>Header Files\ui</Filter>
    </ClInclude>
    <ClInclude Include="ui\ui.h">
      <Filter>Header Files\ui</Filter>
    </ClInclude>
    <ClInclude Include="render.h">
      <Filter>Header Files</Filter>
    </ClInclude>
  </ItemGroup>
  <ItemGroup>
    <None Include="jsoncpp\json_internalarray.inl">
      <Filter>Source Files\jsoncpp</Filter>
    </None>
    <None Include="jsoncpp\json_internalmap.inl">
      <Filter>Source Files\jsoncpp</Filter>
    </None>
    <None Include="jsoncpp\json_valueiterator.inl">
      <Filter>Source Files\jsoncpp</Filter>
    </None>
  </ItemGroup>
</Project>